
Microsoft Visual Studio Solution File, Format Version 12.00
# Visual Studio Version 17
VisualStudioVersion = 17.9.34728.123
MinimumVisualStudioVersion = 10.0.40219.1
Project("{9A19103F-16F7-4668-BE54-9A1E7A4F7556}") = "Menaver.NetBitSet.Tests", "Menaver.NetBitSet.Tests\Menaver.NetBitSet.Tests.csproj", "{92C96045-E19B-4A56-85D1-7EC6022F7A9A}"
EndProject
Project("{9A19103F-16F7-4668-BE54-9A1E7A4F7556}") = "Menaver.NetBitSet", "Menaver.NetBitSet\Menaver.NetBitSet.csproj", "{FC64A3C4-2E35-4095-BA4F-27721D851A3B}"
EndProject
Project("{9A19103F-16F7-4668-BE54-9A1E7A4F7556}") = "Menaver.NetBitSet.LFSR", "Menaver.NetBitSet.LFSR\Menaver.NetBitSet.LFSR.csproj", "{7319D251-20AB-45C1-83FF-104AFD56DC54}"
EndProject
Project("{FAE04EC0-301F-11D3-BF4B-00C04F79EFBC}") = "Menaver.NetBitSet.Tests.Perf", "Menaver.NetBitSet.Tests.Perf\Menaver.NetBitSet.Tests.Perf.csproj", "{160B0E5B-ACDA-482F-AE73-CE47AECC3A88}"
EndProject
Global
	GlobalSection(SolutionConfigurationPlatforms) = preSolution
		Debug|Any CPU = Debug|Any CPU
		Debug|x64 = Debug|x64
		Debug|x86 = Debug|x86
		Release|Any CPU = Release|Any CPU
		Release|x64 = Release|x64
		Release|x86 = Release|x86
	EndGlobalSection
	GlobalSection(ProjectConfigurationPlatforms) = postSolution
		{92C96045-E19B-4A56-85D1-7EC6022F7A9A}.Debug|Any CPU.ActiveCfg = Debug|Any CPU
		{92C96045-E19B-4A56-85D1-7EC6022F7A9A}.Debug|Any CPU.Build.0 = Debug|Any CPU
		{92C96045-E19B-4A56-85D1-7EC6022F7A9A}.Debug|x64.ActiveCfg = Debug|Any CPU
		{92C96045-E19B-4A56-85D1-7EC6022F7A9A}.Debug|x64.Build.0 = Debug|Any CPU
		{92C96045-E19B-4A56-85D1-7EC6022F7A9A}.Debug|x86.ActiveCfg = Debug|Any CPU
		{92C96045-E19B-4A56-85D1-7EC6022F7A9A}.Debug|x86.Build.0 = Debug|Any CPU
		{92C96045-E19B-4A56-85D1-7EC6022F7A9A}.Release|Any CPU.ActiveCfg = Release|Any CPU
		{92C96045-E19B-4A56-85D1-7EC6022F7A9A}.Release|Any CPU.Build.0 = Release|Any CPU
		{92C96045-E19B-4A56-85D1-7EC6022F7A9A}.Release|x64.ActiveCfg = Release|Any CPU
		{92C96045-E19B-4A56-85D1-7EC6022F7A9A}.Release|x64.Build.0 = Release|Any CPU
		{92C96045-E19B-4A56-85D1-7EC6022F7A9A}.Release|x86.ActiveCfg = Release|Any CPU
		{92C96045-E19B-4A56-85D1-7EC6022F7A9A}.Release|x86.Build.0 = Release|Any CPU
		{FC64A3C4-2E35-4095-BA4F-27721D851A3B}.Debug|Any CPU.ActiveCfg = Debug|Any CPU
		{FC64A3C4-2E35-4095-BA4F-27721D851A3B}.Debug|Any CPU.Build.0 = Debug|Any CPU
		{FC64A3C4-2E35-4095-BA4F-27721D851A3B}.Debug|x64.ActiveCfg = Debug|Any CPU
		{FC64A3C4-2E35-4095-BA4F-27721D851A3B}.Debug|x64.Build.0 = Debug|Any CPU
		{FC64A3C4-2E35-4095-BA4F-27721D851A3B}.Debug|x86.ActiveCfg = Debug|Any CPU
		{FC64A3C4-2E35-4095-BA4F-27721D851A3B}.Debug|x86.Build.0 = Debug|Any CPU
		{FC64A3C4-2E35-4095-BA4F-27721D851A3B}.Release|Any CPU.ActiveCfg = Release|Any CPU
		{FC64A3C4-2E35-4095-BA4F-27721D851A3B}.Release|Any CPU.Build.0 = Release|Any CPU
		{FC64A3C4-2E35-4095-BA4F-27721D851A3B}.Release|x64.ActiveCfg = Release|Any CPU
		{FC64A3C4-2E35-4095-BA4F-27721D851A3B}.Release|x64.Build.0 = Release|Any CPU
		{FC64A3C4-2E35-4095-BA4F-27721D851A3B}.Release|x86.ActiveCfg = Release|Any CPU
		{FC64A3C4-2E35-4095-BA4F-27721D851A3B}.Release|x86.Build.0 = Release|Any CPU
		{7319D251-20AB-45C1-83FF-104AFD56DC54}.Debug|Any CPU.ActiveCfg = Debug|Any CPU
		{7319D251-20AB-45C1-83FF-104AFD56DC54}.Debug|Any CPU.Build.0 = Debug|Any CPU
		{7319D251-20AB-45C1-83FF-104AFD56DC54}.Debug|x64.ActiveCfg = Debug|Any CPU
		{7319D251-20AB-45C1-83FF-104AFD56DC54}.Debug|x64.Build.0 = Debug|Any CPU
		{7319D251-20AB-45C1-83FF-104AFD56DC54}.Debug|x86.ActiveCfg = Debug|Any CPU
		{7319D251-20AB-45C1-83FF-104AFD56DC54}.Debug|x86.Build.0 = Debug|Any CPU
		{7319D251-20AB-45C1-83FF-104AFD56DC54}.Release|Any CPU.ActiveCfg = Release|Any CPU
		{7319D251-20AB-45C1-83FF-104AFD56DC54}.Release|Any CPU.Build.0 = Release|Any CPU
		{7319D251-20AB-45C1-83FF-104AFD56DC54}.Release|x64.ActiveCfg = Release|Any CPU
		{7319D251-20AB-45C1-83FF-104AFD56DC54}.Release|x64.Build.0 = Release|Any CPU
		{7319D251-20AB-45C1-83FF-104AFD56DC54}.Release|x86.ActiveCfg = Release|Any CPU
		{7319D251-20AB-45C1-83FF-104AFD56DC54}.Release|x86.Build.0 = Release|Any CPU
		{160B0E5B-ACDA-482F-AE73-CE47AECC3A88}.Debug|Any CPU.ActiveCfg = Debug|Any CPU
		{160B0E5B-ACDA-482F-AE73-CE47AECC3A88}.Debug|Any CPU.Build.0 = Debug|Any CPU
		{160B0E5B-ACDA-482F-AE73-CE47AECC3A88}.Debug|x64.ActiveCfg = Debug|Any CPU
		{160B0E5B-ACDA-482F-AE73-CE47AECC3A88}.Debug|x64.Build.0 = Debug|Any CPU
		{160B0E5B-ACDA-482F-AE73-CE47AECC3A88}.Debug|x86.ActiveCfg = Debug|Any CPU
		{160B0E5B-ACDA-482F-AE73-CE47AECC3A88}.Debug|x86.Build.0 = Debug|Any CPU
		{160B0E5B-ACDA-482F-AE73-CE47AECC3A88}.Release|Any CPU.ActiveCfg = Release|Any CPU
		{160B0E5B-ACDA-482F-AE73-CE47AECC3A88}.Release|Any CPU.Build.0 = Release|Any CPU
		{160B0E5B-ACDA-482F-AE73-CE47AECC3A88}.Release|x64.ActiveCfg = Release|Any CPU
		{160B0E5B-ACDA-482F-AE73-CE47AECC3A88}.Release|x64.Build.0 = Release|Any CPU
		{160B0E5B-ACDA-482F-AE73-CE47AECC3A88}.Release|x86.ActiveCfg = Release|Any CPU
		{160B0E5B-ACDA-482F-AE73-CE47AECC3A88}.Release|x86.Build.0 = Release|Any CPU
	EndGlobalSection
	GlobalSection(SolutionProperties) = preSolution
		HideSolutionNode = FALSE
	EndGlobalSection
	GlobalSection(ExtensibilityGlobals) = postSolution
		SolutionGuid = {27C3D423-3A19-4BFA-964D-05435FF4D0D3}
	EndGlobalSection
EndGlobal
