
Microsoft Visual Studio Solution File, Format Version 12.00
# Visual Studio Version 17
VisualStudioVersion = 17.9.34728.123
MinimumVisualStudioVersion = 10.0.40219.1
Project("{9A19103F-16F7-4668-BE54-9A1E7A4F7556}") = "Menaver.NetBitSet.Standard", "Menaver.NetBitSet.Standard\Menaver.NetBitSet.Standard.csproj", "{03B47793-66B8-4B43-8E6B-07098156649C}"
EndProject
Project("{9A19103F-16F7-4668-BE54-9A1E7A4F7556}") = "Menaver.NetBitSet.Shared", "Menaver.NetBitSet.Shared\Menaver.NetBitSet.Shared.csproj", "{0202E508-D35E-46A1-8781-DE0168AE436E}"
EndProject
Project("{9A19103F-16F7-4668-BE54-9A1E7A4F7556}") = "Menaver.NetBitSet.Core", "Menaver.NetBitSet.Core\Menaver.NetBitSet.Core.csproj", "{F1C3E8CE-D8CB-4CE1-A983-FA9B7A9A07DB}"
EndProject
Project("{9A19103F-16F7-4668-BE54-9A1E7A4F7556}") = "Menaver.NetBitSet.Tests", "Menaver.NetBitSet.Tests\Menaver.NetBitSet.Tests.csproj", "{92C96045-E19B-4A56-85D1-7EC6022F7A9A}"
EndProject
Project("{9A19103F-16F7-4668-BE54-9A1E7A4F7556}") = "Menaver.NetBitSet.Shared.Lfsr", "Menaver.NetBitSet.Shared.Lfsr\Menaver.NetBitSet.Shared.Lfsr.csproj", "{52AAC569-ADEA-4EF5-9374-F7627645AD12}"
EndProject
Project("{9A19103F-16F7-4668-BE54-9A1E7A4F7556}") = "_ConsoleApp1", "_ConsoleApp1\_ConsoleApp1.csproj", "{9C2DEFD2-FC2E-4052-ACA1-DF2D08E7521B}"
EndProject
Project("{8BC9CEB8-8B4A-11D0-8D11-00A0C91BC942}") = "_Console2", "_Console2\_Console2.vcxproj", "{B936B1D3-9AB2-434E-A130-328C1F4D2EAA}"
EndProject
Global
	GlobalSection(SolutionConfigurationPlatforms) = preSolution
		Debug|Any CPU = Debug|Any CPU
		Debug|x64 = Debug|x64
		Debug|x86 = Debug|x86
		Release|Any CPU = Release|Any CPU
		Release|x64 = Release|x64
		Release|x86 = Release|x86
	EndGlobalSection
	GlobalSection(ProjectConfigurationPlatforms) = postSolution
		{03B47793-66B8-4B43-8E6B-07098156649C}.Debug|Any CPU.ActiveCfg = Debug|Any CPU
		{03B47793-66B8-4B43-8E6B-07098156649C}.Debug|Any CPU.Build.0 = Debug|Any CPU
		{03B47793-66B8-4B43-8E6B-07098156649C}.Debug|x64.ActiveCfg = Debug|Any CPU
		{03B47793-66B8-4B43-8E6B-07098156649C}.Debug|x64.Build.0 = Debug|Any CPU
		{03B47793-66B8-4B43-8E6B-07098156649C}.Debug|x86.ActiveCfg = Debug|Any CPU
		{03B47793-66B8-4B43-8E6B-07098156649C}.Debug|x86.Build.0 = Debug|Any CPU
		{03B47793-66B8-4B43-8E6B-07098156649C}.Release|Any CPU.ActiveCfg = Release|Any CPU
		{03B47793-66B8-4B43-8E6B-07098156649C}.Release|Any CPU.Build.0 = Release|Any CPU
		{03B47793-66B8-4B43-8E6B-07098156649C}.Release|x64.ActiveCfg = Release|Any CPU
		{03B47793-66B8-4B43-8E6B-07098156649C}.Release|x64.Build.0 = Release|Any CPU
		{03B47793-66B8-4B43-8E6B-07098156649C}.Release|x86.ActiveCfg = Release|Any CPU
		{03B47793-66B8-4B43-8E6B-07098156649C}.Release|x86.Build.0 = Release|Any CPU
		{0202E508-D35E-46A1-8781-DE0168AE436E}.Debug|Any CPU.ActiveCfg = Debug|Any CPU
		{0202E508-D35E-46A1-8781-DE0168AE436E}.Debug|Any CPU.Build.0 = Debug|Any CPU
		{0202E508-D35E-46A1-8781-DE0168AE436E}.Debug|x64.ActiveCfg = Debug|Any CPU
		{0202E508-D35E-46A1-8781-DE0168AE436E}.Debug|x64.Build.0 = Debug|Any CPU
		{0202E508-D35E-46A1-8781-DE0168AE436E}.Debug|x86.ActiveCfg = Debug|Any CPU
		{0202E508-D35E-46A1-8781-DE0168AE436E}.Debug|x86.Build.0 = Debug|Any CPU
		{0202E508-D35E-46A1-8781-DE0168AE436E}.Release|Any CPU.ActiveCfg = Release|Any CPU
		{0202E508-D35E-46A1-8781-DE0168AE436E}.Release|Any CPU.Build.0 = Release|Any CPU
		{0202E508-D35E-46A1-8781-DE0168AE436E}.Release|x64.ActiveCfg = Release|Any CPU
		{0202E508-D35E-46A1-8781-DE0168AE436E}.Release|x64.Build.0 = Release|Any CPU
		{0202E508-D35E-46A1-8781-DE0168AE436E}.Release|x86.ActiveCfg = Release|Any CPU
		{0202E508-D35E-46A1-8781-DE0168AE436E}.Release|x86.Build.0 = Release|Any CPU
		{F1C3E8CE-D8CB-4CE1-A983-FA9B7A9A07DB}.Debug|Any CPU.ActiveCfg = Debug|Any CPU
		{F1C3E8CE-D8CB-4CE1-A983-FA9B7A9A07DB}.Debug|Any CPU.Build.0 = Debug|Any CPU
		{F1C3E8CE-D8CB-4CE1-A983-FA9B7A9A07DB}.Debug|x64.ActiveCfg = Debug|Any CPU
		{F1C3E8CE-D8CB-4CE1-A983-FA9B7A9A07DB}.Debug|x64.Build.0 = Debug|Any CPU
		{F1C3E8CE-D8CB-4CE1-A983-FA9B7A9A07DB}.Debug|x86.ActiveCfg = Debug|Any CPU
		{F1C3E8CE-D8CB-4CE1-A983-FA9B7A9A07DB}.Debug|x86.Build.0 = Debug|Any CPU
		{F1C3E8CE-D8CB-4CE1-A983-FA9B7A9A07DB}.Release|Any CPU.ActiveCfg = Release|Any CPU
		{F1C3E8CE-D8CB-4CE1-A983-FA9B7A9A07DB}.Release|Any CPU.Build.0 = Release|Any CPU
		{F1C3E8CE-D8CB-4CE1-A983-FA9B7A9A07DB}.Release|x64.ActiveCfg = Release|Any CPU
		{F1C3E8CE-D8CB-4CE1-A983-FA9B7A9A07DB}.Release|x64.Build.0 = Release|Any CPU
		{F1C3E8CE-D8CB-4CE1-A983-FA9B7A9A07DB}.Release|x86.ActiveCfg = Release|Any CPU
		{F1C3E8CE-D8CB-4CE1-A983-FA9B7A9A07DB}.Release|x86.Build.0 = Release|Any CPU
		{92C96045-E19B-4A56-85D1-7EC6022F7A9A}.Debug|Any CPU.ActiveCfg = Debug|Any CPU
		{92C96045-E19B-4A56-85D1-7EC6022F7A9A}.Debug|Any CPU.Build.0 = Debug|Any CPU
		{92C96045-E19B-4A56-85D1-7EC6022F7A9A}.Debug|x64.ActiveCfg = Debug|Any CPU
		{92C96045-E19B-4A56-85D1-7EC6022F7A9A}.Debug|x64.Build.0 = Debug|Any CPU
		{92C96045-E19B-4A56-85D1-7EC6022F7A9A}.Debug|x86.ActiveCfg = Debug|Any CPU
		{92C96045-E19B-4A56-85D1-7EC6022F7A9A}.Debug|x86.Build.0 = Debug|Any CPU
		{92C96045-E19B-4A56-85D1-7EC6022F7A9A}.Release|Any CPU.ActiveCfg = Release|Any CPU
		{92C96045-E19B-4A56-85D1-7EC6022F7A9A}.Release|Any CPU.Build.0 = Release|Any CPU
		{92C96045-E19B-4A56-85D1-7EC6022F7A9A}.Release|x64.ActiveCfg = Release|Any CPU
		{92C96045-E19B-4A56-85D1-7EC6022F7A9A}.Release|x64.Build.0 = Release|Any CPU
		{92C96045-E19B-4A56-85D1-7EC6022F7A9A}.Release|x86.ActiveCfg = Release|Any CPU
		{92C96045-E19B-4A56-85D1-7EC6022F7A9A}.Release|x86.Build.0 = Release|Any CPU
		{52AAC569-ADEA-4EF5-9374-F7627645AD12}.Debug|Any CPU.ActiveCfg = Debug|Any CPU
		{52AAC569-ADEA-4EF5-9374-F7627645AD12}.Debug|Any CPU.Build.0 = Debug|Any CPU
		{52AAC569-ADEA-4EF5-9374-F7627645AD12}.Debug|x64.ActiveCfg = Debug|Any CPU
		{52AAC569-ADEA-4EF5-9374-F7627645AD12}.Debug|x64.Build.0 = Debug|Any CPU
		{52AAC569-ADEA-4EF5-9374-F7627645AD12}.Debug|x86.ActiveCfg = Debug|Any CPU
		{52AAC569-ADEA-4EF5-9374-F7627645AD12}.Debug|x86.Build.0 = Debug|Any CPU
		{52AAC569-ADEA-4EF5-9374-F7627645AD12}.Release|Any CPU.ActiveCfg = Release|Any CPU
		{52AAC569-ADEA-4EF5-9374-F7627645AD12}.Release|Any CPU.Build.0 = Release|Any CPU
		{52AAC569-ADEA-4EF5-9374-F7627645AD12}.Release|x64.ActiveCfg = Release|Any CPU
		{52AAC569-ADEA-4EF5-9374-F7627645AD12}.Release|x64.Build.0 = Release|Any CPU
		{52AAC569-ADEA-4EF5-9374-F7627645AD12}.Release|x86.ActiveCfg = Release|Any CPU
		{52AAC569-ADEA-4EF5-9374-F7627645AD12}.Release|x86.Build.0 = Release|Any CPU
		{9C2DEFD2-FC2E-4052-ACA1-DF2D08E7521B}.Debug|Any CPU.ActiveCfg = Debug|Any CPU
		{9C2DEFD2-FC2E-4052-ACA1-DF2D08E7521B}.Debug|Any CPU.Build.0 = Debug|Any CPU
		{9C2DEFD2-FC2E-4052-ACA1-DF2D08E7521B}.Debug|x64.ActiveCfg = Debug|Any CPU
		{9C2DEFD2-FC2E-4052-ACA1-DF2D08E7521B}.Debug|x64.Build.0 = Debug|Any CPU
		{9C2DEFD2-FC2E-4052-ACA1-DF2D08E7521B}.Debug|x86.ActiveCfg = Debug|Any CPU
		{9C2DEFD2-FC2E-4052-ACA1-DF2D08E7521B}.Debug|x86.Build.0 = Debug|Any CPU
		{9C2DEFD2-FC2E-4052-ACA1-DF2D08E7521B}.Release|Any CPU.ActiveCfg = Release|Any CPU
		{9C2DEFD2-FC2E-4052-ACA1-DF2D08E7521B}.Release|Any CPU.Build.0 = Release|Any CPU
		{9C2DEFD2-FC2E-4052-ACA1-DF2D08E7521B}.Release|x64.ActiveCfg = Release|Any CPU
		{9C2DEFD2-FC2E-4052-ACA1-DF2D08E7521B}.Release|x64.Build.0 = Release|Any CPU
		{9C2DEFD2-FC2E-4052-ACA1-DF2D08E7521B}.Release|x86.ActiveCfg = Release|Any CPU
		{9C2DEFD2-FC2E-4052-ACA1-DF2D08E7521B}.Release|x86.Build.0 = Release|Any CPU
		{B936B1D3-9AB2-434E-A130-328C1F4D2EAA}.Debug|Any CPU.ActiveCfg = Debug|x64
		{B936B1D3-9AB2-434E-A130-328C1F4D2EAA}.Debug|Any CPU.Build.0 = Debug|x64
		{B936B1D3-9AB2-434E-A130-328C1F4D2EAA}.Debug|x64.ActiveCfg = Debug|x64
		{B936B1D3-9AB2-434E-A130-328C1F4D2EAA}.Debug|x64.Build.0 = Debug|x64
		{B936B1D3-9AB2-434E-A130-328C1F4D2EAA}.Debug|x86.ActiveCfg = Debug|Win32
		{B936B1D3-9AB2-434E-A130-328C1F4D2EAA}.Debug|x86.Build.0 = Debug|Win32
		{B936B1D3-9AB2-434E-A130-328C1F4D2EAA}.Release|Any CPU.ActiveCfg = Release|x64
		{B936B1D3-9AB2-434E-A130-328C1F4D2EAA}.Release|Any CPU.Build.0 = Release|x64
		{B936B1D3-9AB2-434E-A130-328C1F4D2EAA}.Release|x64.ActiveCfg = Release|x64
		{B936B1D3-9AB2-434E-A130-328C1F4D2EAA}.Release|x64.Build.0 = Release|x64
		{B936B1D3-9AB2-434E-A130-328C1F4D2EAA}.Release|x86.ActiveCfg = Release|Win32
		{B936B1D3-9AB2-434E-A130-328C1F4D2EAA}.Release|x86.Build.0 = Release|Win32
	EndGlobalSection
	GlobalSection(SolutionProperties) = preSolution
		HideSolutionNode = FALSE
	EndGlobalSection
	GlobalSection(ExtensibilityGlobals) = postSolution
		SolutionGuid = {27C3D423-3A19-4BFA-964D-05435FF4D0D3}
	EndGlobalSection
EndGlobal
